
Microsoft Visual Studio Solution File, Format Version 12.00
# Visual Studio Version 16
VisualStudioVersion = 16.0.31515.178
MinimumVisualStudioVersion = 10.0.40219.1
Project("{FAE04EC0-301F-11D3-BF4B-00C04F79EFBC}") = "Crawler", "Crawler\Crawler.csproj", "{E34B1A82-8C9C-47FB-869D-673BCE8CE903}"
EndProject
Global
	GlobalSection(SolutionConfigurationPlatforms) = preSolution
		Debug|Any CPU = Debug|Any CPU
		Release|Any CPU = Release|Any CPU
	EndGlobalSection
	GlobalSection(ProjectConfigurationPlatforms) = postSolution
		{E34B1A82-8C9C-47FB-869D-673BCE8CE903}.Debug|Any CPU.ActiveCfg = Debug|Any CPU
		{E34B1A82-8C9C-47FB-869D-673BCE8CE903}.Debug|Any CPU.Build.0 = Debug|Any CPU
		{E34B1A82-8C9C-47FB-869D-673BCE8CE903}.Release|Any CPU.ActiveCfg = Release|Any CPU
		{E34B1A82-8C9C-47FB-869D-673BCE8CE903}.Release|Any CPU.Build.0 = Release|Any CPU
	EndGlobalSection
	GlobalSection(SolutionProperties) = preSolution
		HideSolutionNode = FALSE
	EndGlobalSection
	GlobalSection(ExtensibilityGlobals) = postSolution
		SolutionGuid = {8B442E38-A5C6-4423-8057-C6904BA40D1C}
	EndGlobalSection
EndGlobal
